
Microsoft Visual Studio Solution File, Format Version 12.00
# Visual Studio Version 16
VisualStudioVersion = 16.0.31129.286
MinimumVisualStudioVersion = 10.0.40219.1
Project("{FAE04EC0-301F-11D3-BF4B-00C04F79EFBC}") = "ArtShop", "ArtShop\ArtShop.csproj", "{F1BC9647-AC9C-4862-A171-70DC4BE2F280}"
EndProject
Global
	GlobalSection(SolutionConfigurationPlatforms) = preSolution
		Debug|Any CPU = Debug|Any CPU
		Release|Any CPU = Release|Any CPU
	EndGlobalSection
	GlobalSection(ProjectConfigurationPlatforms) = postSolution
		{F1BC9647-AC9C-4862-A171-70DC4BE2F280}.Debug|Any CPU.ActiveCfg = Debug|Any CPU
		{F1BC9647-AC9C-4862-A171-70DC4BE2F280}.Debug|Any CPU.Build.0 = Debug|Any CPU
		{F1BC9647-AC9C-4862-A171-70DC4BE2F280}.Release|Any CPU.ActiveCfg = Release|Any CPU
		{F1BC9647-AC9C-4862-A171-70DC4BE2F280}.Release|Any CPU.Build.0 = Release|Any CPU
	EndGlobalSection
	GlobalSection(SolutionProperties) = preSolution
		HideSolutionNode = FALSE
	EndGlobalSection
	GlobalSection(ExtensibilityGlobals) = postSolution
		SolutionGuid = {83A8D935-CB37-40F1-B777-4615FD72759D}
	EndGlobalSection
EndGlobal
